<?xml version="1.0" encoding="utf-8"?>
<Project ToolsVersion="4.0" xmlns="http://schemas.microsoft.com/developer/msbuild/2003">
  <ItemGroup>
    <Filter Include="Tools">
      <UniqueIdentifier>{16CF2D0E-82E3-55BF-4B65-F91EB73852F0}</UniqueIdentifier>
    </Filter>
    <Filter Include="Tools\CommandManager">
      <UniqueIdentifier>{7F54AF73-6BE3-383D-1402-4D38007049E3}</UniqueIdentifier>
    </Filter>
    <Filter Include="Tools\CommandManager\Commands">
      <UniqueIdentifier>{A06E2D20-0C87-144A-D533-A4E3410BA9E3}</UniqueIdentifier>
    </Filter>
    <Filter Include="Tools\ExampleTool">
      <UniqueIdentifier>{0FF60FA4-7B0C-0E3A-C483-995B30D9DEC1}</UniqueIdentifier>
    </Filter>
    <Filter Include="Tools\ModelProperties">
      <UniqueIdentifier>{231CA368-8F88-5E63-587C-F6C0C4A780CB}</UniqueIdentifier>
    </Filter>
  </ItemGroup>
  <ItemGroup>
    <ClInclude Include="..\tools\source\Editor\Tools\CommandManager\AbstractCommand.h">
      <Filter>Tools\CommandManager</Filter>
    </ClInclude>
    <ClInclude Include="..\tools\source\Editor\Tools\CommandManager\CommandManager.h">
      <Filter>Tools\CommandManager</Filter>
    </ClInclude>
    <ClInclude Include="..\tools\source\Editor\Tools\CommandManager\Commands\PositionCommand.h">
      <Filter>Tools\CommandManager\Commands</Filter>
    </ClInclude>
    <ClInclude Include="..\tools\source\Editor\Tools\CommandManager\Commands\TextureCommand.h">
      <Filter>Tools\CommandManager\Commands</Filter>
    </ClInclude>
    <ClInclude Include="..\tools\source\Editor\Tools\ExampleTool\ExampleTool.h">
      <Filter>Tools\ExampleTool</Filter>
    </ClInclude>
    <ClInclude Include="..\tools\source\Editor\Tools\ModelProperties\ModelProperties.h">
      <Filter>Tools\ModelProperties</Filter>
    </ClInclude>
  </ItemGroup>
  <ItemGroup>
    <ClCompile Include="..\tools\source\Editor\Tools\CommandManager\CommandManager.cpp">
      <Filter>Tools\CommandManager</Filter>
    </ClCompile>
    <ClCompile Include="..\tools\source\Editor\Tools\CommandManager\Commands\PositionCommand.cpp">
      <Filter>Tools\CommandManager\Commands</Filter>
    </ClCompile>
    <ClCompile Include="..\tools\source\Editor\Tools\CommandManager\Commands\TextureCommand.cpp">
      <Filter>Tools\CommandManager\Commands</Filter>
    </ClCompile>
    <ClCompile Include="..\tools\source\Editor\Tools\ExampleTool\ExampleTool.cpp">
      <Filter>Tools\ExampleTool</Filter>
    </ClCompile>
    <ClCompile Include="..\tools\source\Editor\Tools\ModelProperties\ModelProperties.cpp">
      <Filter>Tools\ModelProperties</Filter>
    </ClCompile>
    <ClCompile Include="..\tools\source\Editor\ToolsLauncherApp.cpp" />
  </ItemGroup>
</Project>